
Microsoft Visual Studio Solution File, Format Version 12.00
# Visual Studio Version 16
VisualStudioVersion = 16.0.30503.244
MinimumVisualStudioVersion = 10.0.40219.1
Project("{9092AA53-FB77-4645-B42D-1CCCA6BD08BD}") = "ImoWebApp-ES.Next_00_HTML-hardcoded", "ImoWebApp-ES.Next_00_HTML-hardcoded.njsproj", "{CA744874-9971-4767-997C-C97C5727433B}"
EndProject
Global
	GlobalSection(SolutionConfigurationPlatforms) = preSolution
		Debug|Any CPU = Debug|Any CPU
		Release|Any CPU = Release|Any CPU
	EndGlobalSection
	GlobalSection(ProjectConfigurationPlatforms) = postSolution
		{CA744874-9971-4767-997C-C97C5727433B}.Debug|Any CPU.ActiveCfg = Debug|Any CPU
		{CA744874-9971-4767-997C-C97C5727433B}.Debug|Any CPU.Build.0 = Debug|Any CPU
		{CA744874-9971-4767-997C-C97C5727433B}.Release|Any CPU.ActiveCfg = Release|Any CPU
		{CA744874-9971-4767-997C-C97C5727433B}.Release|Any CPU.Build.0 = Release|Any CPU
	EndGlobalSection
	GlobalSection(SolutionProperties) = preSolution
		HideSolutionNode = FALSE
	EndGlobalSection
	GlobalSection(ExtensibilityGlobals) = postSolution
		SolutionGuid = {A4C36B09-D11A-45C3-B597-92C6B32552A3}
	EndGlobalSection
EndGlobal
