
Microsoft Visual Studio Solution File, Format Version 12.00
# Visual Studio Version 16
VisualStudioVersion = 16.0.29911.84
MinimumVisualStudioVersion = 10.0.40219.1
Project("{9092AA53-FB77-4645-B42D-1CCCA6BD08BD}") = "ImoWebApp-ES.Next_09__webpacked", "ImoWebApp-ES.Next_09__webpacked.njsproj", "{F9D84905-9C5B-4EB1-BB4F-D527DC8144B1}"
EndProject
Global
	GlobalSection(SolutionConfigurationPlatforms) = preSolution
		Debug|Any CPU = Debug|Any CPU
		Release|Any CPU = Release|Any CPU
	EndGlobalSection
	GlobalSection(ProjectConfigurationPlatforms) = postSolution
		{F9D84905-9C5B-4EB1-BB4F-D527DC8144B1}.Debug|Any CPU.ActiveCfg = Debug|Any CPU
		{F9D84905-9C5B-4EB1-BB4F-D527DC8144B1}.Debug|Any CPU.Build.0 = Debug|Any CPU
		{F9D84905-9C5B-4EB1-BB4F-D527DC8144B1}.Release|Any CPU.ActiveCfg = Release|Any CPU
		{F9D84905-9C5B-4EB1-BB4F-D527DC8144B1}.Release|Any CPU.Build.0 = Release|Any CPU
	EndGlobalSection
	GlobalSection(SolutionProperties) = preSolution
		HideSolutionNode = FALSE
	EndGlobalSection
	GlobalSection(ExtensibilityGlobals) = postSolution
		SolutionGuid = {2AA768A3-BD36-4BA7-BA9A-96674F6651A1}
	EndGlobalSection
EndGlobal
