
Microsoft Visual Studio Solution File, Format Version 12.00
# Visual Studio Version 16
VisualStudioVersion = 16.0.30503.244
MinimumVisualStudioVersion = 10.0.40219.1
Project("{9092AA53-FB77-4645-B42D-1CCCA6BD08BD}") = "ImoWebApp-ES.Next_01_ler-ficheiros-sync", "ImoWebApp-ES.Next_01_ler-ficheiros-sync.njsproj", "{087F1482-6E87-4767-B031-C694E5424260}"
EndProject
Global
	GlobalSection(SolutionConfigurationPlatforms) = preSolution
		Debug|Any CPU = Debug|Any CPU
		Release|Any CPU = Release|Any CPU
	EndGlobalSection
	GlobalSection(ProjectConfigurationPlatforms) = postSolution
		{087F1482-6E87-4767-B031-C694E5424260}.Debug|Any CPU.ActiveCfg = Debug|Any CPU
		{087F1482-6E87-4767-B031-C694E5424260}.Debug|Any CPU.Build.0 = Debug|Any CPU
		{087F1482-6E87-4767-B031-C694E5424260}.Release|Any CPU.ActiveCfg = Release|Any CPU
		{087F1482-6E87-4767-B031-C694E5424260}.Release|Any CPU.Build.0 = Release|Any CPU
	EndGlobalSection
	GlobalSection(SolutionProperties) = preSolution
		HideSolutionNode = FALSE
	EndGlobalSection
	GlobalSection(ExtensibilityGlobals) = postSolution
		SolutionGuid = {ECB9828F-5C85-4DFC-8E16-D1133D171E91}
	EndGlobalSection
EndGlobal
